
Microsoft Visual Studio Solution File, Format Version 12.00
# Visual Studio Version 17
VisualStudioVersion = 17.8.34316.72
MinimumVisualStudioVersion = 10.0.40219.1
Project("{FAE04EC0-301F-11D3-BF4B-00C04F79EFBC}") = "CHMI3var8", "CHMI3var8\CHMI3var8.csproj", "{F1DEAA6E-1D7D-4DDA-BA00-8C0FCEC2B94E}"
EndProject
Global
	GlobalSection(SolutionConfigurationPlatforms) = preSolution
		Debug|Any CPU = Debug|Any CPU
		Release|Any CPU = Release|Any CPU
	EndGlobalSection
	GlobalSection(ProjectConfigurationPlatforms) = postSolution
		{F1DEAA6E-1D7D-4DDA-BA00-8C0FCEC2B94E}.Debug|Any CPU.ActiveCfg = Debug|Any CPU
		{F1DEAA6E-1D7D-4DDA-BA00-8C0FCEC2B94E}.Debug|Any CPU.Build.0 = Debug|Any CPU
		{F1DEAA6E-1D7D-4DDA-BA00-8C0FCEC2B94E}.Release|Any CPU.ActiveCfg = Release|Any CPU
		{F1DEAA6E-1D7D-4DDA-BA00-8C0FCEC2B94E}.Release|Any CPU.Build.0 = Release|Any CPU
	EndGlobalSection
	GlobalSection(SolutionProperties) = preSolution
		HideSolutionNode = FALSE
	EndGlobalSection
	GlobalSection(ExtensibilityGlobals) = postSolution
		SolutionGuid = {166FAA7B-320B-4F90-8D62-15EC7D03C414}
	EndGlobalSection
EndGlobal
